// !$*UTF8*$!
{
	archiveVersion = 1;
	classes = {
	};
	objectVersion = 50;
	objects = {

/* Begin PBXBuildFile section */
		425EF8AF20C5368400CE1D4F /* KeyknoxManager.swift in Sources */ = {isa = PBXBuildFile; fileRef = 425EF88920C5368400CE1D4F /* KeyknoxManager.swift */; };
		425EF8B020C5368400CE1D4F /* KeyknoxManager+Queries.swift in Sources */ = {isa = PBXBuildFile; fileRef = 425EF88A20C5368400CE1D4F /* KeyknoxManager+Queries.swift */; };
		425EF8B220C5369100CE1D4F /* KeyknoxManager+Operations.swift in Sources */ = {isa = PBXBuildFile; fileRef = 425EF8B120C5369100CE1D4F /* KeyknoxManager+Operations.swift */; };
		425EF8B920C5488C00CE1D4F /* VSK002_KeyknoxManagerTests.m in Sources */ = {isa = PBXBuildFile; fileRef = 425EF8B820C5488C00CE1D4F /* VSK002_KeyknoxManagerTests.m */; };
		425EF8BC20C549F500CE1D4F /* KeyknoxManager+Obj-C.swift in Sources */ = {isa = PBXBuildFile; fileRef = 425EF8BA20C549CF00CE1D4F /* KeyknoxManager+Obj-C.swift */; };
		425EF8D020C5A03200CE1D4F /* VSK003_CloudKeyStorageTests.m in Sources */ = {isa = PBXBuildFile; fileRef = 425EF8CF20C5A03200CE1D4F /* VSK003_CloudKeyStorageTests.m */; };
		425EF95320C8156E00CE1D4F /* CloudKeyStorage.swift in Sources */ = {isa = PBXBuildFile; fileRef = 425EF95120C8156D00CE1D4F /* CloudKeyStorage.swift */; };
		425EF95520C8160800CE1D4F /* CloudKeyStorage+Obj-C.swift in Sources */ = {isa = PBXBuildFile; fileRef = 425EF95420C8160800CE1D4F /* CloudKeyStorage+Obj-C.swift */; };
		425EF95820C8171B00CE1D4F /* SyncKeyStorage.swift in Sources */ = {isa = PBXBuildFile; fileRef = 425EF95720C8171B00CE1D4F /* SyncKeyStorage.swift */; };
		42B5E01020C00DB80067F13E /* VirgilSDKKeyknox.framework in Frameworks */ = {isa = PBXBuildFile; fileRef = 42B5DFF520C005300067F13E /* VirgilSDKKeyknox.framework */; };
		42B5E02520C011380067F13E /* KeyknoxClientProtocol.swift in Sources */ = {isa = PBXBuildFile; fileRef = 42B5E01E20C011380067F13E /* KeyknoxClientProtocol.swift */; };
		42B5E02620C011380067F13E /* KeyknoxClient.swift in Sources */ = {isa = PBXBuildFile; fileRef = 42B5E01F20C011380067F13E /* KeyknoxClient.swift */; };
		42B5E02720C011380067F13E /* KeynoxClient+Queries.swift in Sources */ = {isa = PBXBuildFile; fileRef = 42B5E02020C011380067F13E /* KeynoxClient+Queries.swift */; };
		42B5E02820C011380067F13E /* KeyknoxData.swift in Sources */ = {isa = PBXBuildFile; fileRef = 42B5E02220C011380067F13E /* KeyknoxData.swift */; };
		42B5E0A720C0117E0067F13E /* VirgilCrypto.framework in Frameworks */ = {isa = PBXBuildFile; fileRef = 42B5E08320C011690067F13E /* VirgilCrypto.framework */; };
		42B5E0A820C0117E0067F13E /* VirgilCryptoAPI.framework in Frameworks */ = {isa = PBXBuildFile; fileRef = 42B5E05C20C011640067F13E /* VirgilCryptoAPI.framework */; };
		42B5E0A920C0117E0067F13E /* VirgilCryptoApiImpl.framework in Frameworks */ = {isa = PBXBuildFile; fileRef = 42B5E09120C011690067F13E /* VirgilCryptoApiImpl.framework */; };
		42B5E0AA20C0117E0067F13E /* VirgilSDK.framework in Frameworks */ = {isa = PBXBuildFile; fileRef = 42B5E03B20C0115D0067F13E /* VirgilSDK.framework */; };
		42B5E0AB20C0117E0067F13E /* VSCCrypto.framework in Frameworks */ = {isa = PBXBuildFile; fileRef = 42B5E09F20C011690067F13E /* VSCCrypto.framework */; };
		42B5E0B720C01C9B0067F13E /* VSK001_ClientTests.m in Sources */ = {isa = PBXBuildFile; fileRef = 42B5E0B620C01C9B0067F13E /* VSK001_ClientTests.m */; };
		42B5E0BD20C01E5A0067F13E /* TestConfig.plist in Resources */ = {isa = PBXBuildFile; fileRef = 42B5E0BA20C01E5A0067F13E /* TestConfig.plist */; };
		42B5E0BE20C01E5A0067F13E /* TestConfig.swift in Sources */ = {isa = PBXBuildFile; fileRef = 42B5E0BB20C01E5A0067F13E /* TestConfig.swift */; };
		42B5E0C020C0251A0067F13E /* VirgilCrypto.framework in Frameworks */ = {isa = PBXBuildFile; fileRef = 42B5E08320C011690067F13E /* VirgilCrypto.framework */; };
		42B5E0C120C0251A0067F13E /* VirgilCryptoAPI.framework in Frameworks */ = {isa = PBXBuildFile; fileRef = 42B5E05C20C011640067F13E /* VirgilCryptoAPI.framework */; };
		42B5E0C220C0251A0067F13E /* VirgilCryptoApiImpl.framework in Frameworks */ = {isa = PBXBuildFile; fileRef = 42B5E09120C011690067F13E /* VirgilCryptoApiImpl.framework */; };
		42B5E0C320C0251A0067F13E /* VirgilSDK.framework in Frameworks */ = {isa = PBXBuildFile; fileRef = 42B5E03B20C0115D0067F13E /* VirgilSDK.framework */; };
		42B5E0C420C0251A0067F13E /* VSCCrypto.framework in Frameworks */ = {isa = PBXBuildFile; fileRef = 42B5E09F20C011690067F13E /* VSCCrypto.framework */; };
		42B5E0C620C025400067F13E /* VirgilCrypto.framework in CopyFiles */ = {isa = PBXBuildFile; fileRef = 42B5E08320C011690067F13E /* VirgilCrypto.framework */; settings = {ATTRIBUTES = (CodeSignOnCopy, RemoveHeadersOnCopy, ); }; };
		42B5E0C720C025400067F13E /* VirgilCryptoApiImpl.framework in CopyFiles */ = {isa = PBXBuildFile; fileRef = 42B5E09120C011690067F13E /* VirgilCryptoApiImpl.framework */; settings = {ATTRIBUTES = (CodeSignOnCopy, RemoveHeadersOnCopy, ); }; };
		42B5E0C820C025400067F13E /* VSCCrypto.framework in CopyFiles */ = {isa = PBXBuildFile; fileRef = 42B5E09F20C011690067F13E /* VSCCrypto.framework */; settings = {ATTRIBUTES = (CodeSignOnCopy, RemoveHeadersOnCopy, ); }; };
		42B5E0C920C025400067F13E /* VirgilCryptoAPI.framework in CopyFiles */ = {isa = PBXBuildFile; fileRef = 42B5E05C20C011640067F13E /* VirgilCryptoAPI.framework */; settings = {ATTRIBUTES = (CodeSignOnCopy, RemoveHeadersOnCopy, ); }; };
		42B5E0CA20C025400067F13E /* VirgilSDK.framework in CopyFiles */ = {isa = PBXBuildFile; fileRef = 42B5E03B20C0115D0067F13E /* VirgilSDK.framework */; settings = {ATTRIBUTES = (CodeSignOnCopy, RemoveHeadersOnCopy, ); }; };
/* End PBXBuildFile section */

/* Begin PBXContainerItemProxy section */
		42B5E01120C00DB80067F13E /* PBXContainerItemProxy */ = {
			isa = PBXContainerItemProxy;
			containerPortal = 42B5DFEC20C005300067F13E /* Project object */;
			proxyType = 1;
			remoteGlobalIDString = 42B5DFF420C005300067F13E;
			remoteInfo = "VirgilSDKKeyknox iOS";
		};
		42B5E03A20C0115D0067F13E /* PBXContainerItemProxy */ = {
			isa = PBXContainerItemProxy;
			containerPortal = 42B5E02920C0115D0067F13E /* VirgilSDK.xcodeproj */;
			proxyType = 2;
			remoteGlobalIDString = 42EB30E41DB8EC17001DF4C0;
			remoteInfo = "VirgilSDK iOS";
		};
		42B5E03C20C0115D0067F13E /* PBXContainerItemProxy */ = {
			isa = PBXContainerItemProxy;
			containerPortal = 42B5E02920C0115D0067F13E /* VirgilSDK.xcodeproj */;
			proxyType = 2;
			remoteGlobalIDString = 42B7E35B1DB8F72200D70C12;
			remoteInfo = "VirgilSDK iOS Tests";
		};
		42B5E03E20C0115D0067F13E /* PBXContainerItemProxy */ = {
			isa = PBXContainerItemProxy;
			containerPortal = 42B5E02920C0115D0067F13E /* VirgilSDK.xcodeproj */;
			proxyType = 2;
			remoteGlobalIDString = 422499BA1EB39B380032F556;
			remoteInfo = "VirgilSDK macOS";
		};
		42B5E04020C0115D0067F13E /* PBXContainerItemProxy */ = {
			isa = PBXContainerItemProxy;
			containerPortal = 42B5E02920C0115D0067F13E /* VirgilSDK.xcodeproj */;
			proxyType = 2;
			remoteGlobalIDString = 422499C21EB39B380032F556;
			remoteInfo = "VirgilSDK macOS Tests";
		};
		42B5E04220C0115D0067F13E /* PBXContainerItemProxy */ = {
			isa = PBXContainerItemProxy;
			containerPortal = 42B5E02920C0115D0067F13E /* VirgilSDK.xcodeproj */;
			proxyType = 2;
			remoteGlobalIDString = 4284C3861F6BE95700B75491;
			remoteInfo = "VirgilSDK tvOS";
		};
		42B5E04420C0115D0067F13E /* PBXContainerItemProxy */ = {
			isa = PBXContainerItemProxy;
			containerPortal = 42B5E02920C0115D0067F13E /* VirgilSDK.xcodeproj */;
			proxyType = 2;
			remoteGlobalIDString = 4284C3A31F6BE9A200B75491;
			remoteInfo = "VirgilSDK tvOS Tests";
		};
		42B5E04620C0115D0067F13E /* PBXContainerItemProxy */ = {
			isa = PBXContainerItemProxy;
			containerPortal = 42B5E02920C0115D0067F13E /* VirgilSDK.xcodeproj */;
			proxyType = 2;
			remoteGlobalIDString = 4284C3951F6BE97C00B75491;
			remoteInfo = "VirgilSDK watchOS";
		};
		42B5E04820C0115D0067F13E /* PBXContainerItemProxy */ = {
			isa = PBXContainerItemProxy;
			containerPortal = 42B5E02920C0115D0067F13E /* VirgilSDK.xcodeproj */;
			proxyType = 2;
			remoteGlobalIDString = 4244F75D203305080053EE4B;
			remoteInfo = "TestApp iOS";
		};
		42B5E04A20C0115D0067F13E /* PBXContainerItemProxy */ = {
			isa = PBXContainerItemProxy;
			containerPortal = 42B5E02920C0115D0067F13E /* VirgilSDK.xcodeproj */;
			proxyType = 2;
			remoteGlobalIDString = 4244F7752033055C0053EE4B;
			remoteInfo = "VirgilSDK iOS KeyStorage Tests";
		};
		42B5E04C20C0115D0067F13E /* PBXContainerItemProxy */ = {
			isa = PBXContainerItemProxy;
			containerPortal = 42B5E02920C0115D0067F13E /* VirgilSDK.xcodeproj */;
			proxyType = 2;
			remoteGlobalIDString = 4244F7C6203306FA0053EE4B;
			remoteInfo = "TestApp tvOS";
		};
		42B5E04E20C0115D0067F13E /* PBXContainerItemProxy */ = {
			isa = PBXContainerItemProxy;
			containerPortal = 42B5E02920C0115D0067F13E /* VirgilSDK.xcodeproj */;
			proxyType = 2;
			remoteGlobalIDString = 4244F7D92033071D0053EE4B;
			remoteInfo = "VirgilSDK tvOS KeyStorage Tests";
		};
		42B5E05B20C011640067F13E /* PBXContainerItemProxy */ = {
			isa = PBXContainerItemProxy;
			containerPortal = 42B5E05020C011640067F13E /* VirgilCryptoAPI.xcodeproj */;
			proxyType = 2;
			remoteGlobalIDString = 428A614A1F67FF0E00D6C057;
			remoteInfo = "VirgilCryptoAPI iOS";
		};
		42B5E05D20C011640067F13E /* PBXContainerItemProxy */ = {
			isa = PBXContainerItemProxy;
			containerPortal = 42B5E05020C011640067F13E /* VirgilCryptoAPI.xcodeproj */;
			proxyType = 2;
			remoteGlobalIDString = 428A61A11F681D6A00D6C057;
			remoteInfo = "VirgilCryptoAPI iOS Tests";
		};
		42B5E05F20C011640067F13E /* PBXContainerItemProxy */ = {
			isa = PBXContainerItemProxy;
			containerPortal = 42B5E05020C011640067F13E /* VirgilCryptoAPI.xcodeproj */;
			proxyType = 2;
			remoteGlobalIDString = 428A615D1F6800A800D6C057;
			remoteInfo = "VirgilCryptoAPI macOS";
		};
		42B5E06120C011640067F13E /* PBXContainerItemProxy */ = {
			isa = PBXContainerItemProxy;
			containerPortal = 42B5E05020C011640067F13E /* VirgilCryptoAPI.xcodeproj */;
			proxyType = 2;
			remoteGlobalIDString = 42CDC2201F68209300D69111;
			remoteInfo = "VirgilCryptoAPI macOS Tests";
		};
		42B5E06320C011640067F13E /* PBXContainerItemProxy */ = {
			isa = PBXContainerItemProxy;
			containerPortal = 42B5E05020C011640067F13E /* VirgilCryptoAPI.xcodeproj */;
			proxyType = 2;
			remoteGlobalIDString = 428A61771F6800DB00D6C057;
			remoteInfo = "VirgilCryptoAPI tvOS";
		};
		42B5E06520C011640067F13E /* PBXContainerItemProxy */ = {
			isa = PBXContainerItemProxy;
			containerPortal = 42B5E05020C011640067F13E /* VirgilCryptoAPI.xcodeproj */;
			proxyType = 2;
			remoteGlobalIDString = 42CDC22F1F6820A900D69111;
			remoteInfo = "VirgilCryptoAPI tvOS Tests";
		};
		42B5E06720C011640067F13E /* PBXContainerItemProxy */ = {
			isa = PBXContainerItemProxy;
			containerPortal = 42B5E05020C011640067F13E /* VirgilCryptoAPI.xcodeproj */;
			proxyType = 2;
			remoteGlobalIDString = 428A616A1F6800CA00D6C057;
			remoteInfo = "VirgilCryptoAPI watchOS";
		};
		42B5E08220C011690067F13E /* PBXContainerItemProxy */ = {
			isa = PBXContainerItemProxy;
			containerPortal = 42B5E06920C011690067F13E /* VirgilCrypto.xcodeproj */;
			proxyType = 2;
			remoteGlobalIDString = 42F85ECD1DC7469D00C3184C;
			remoteInfo = "VirgilCrypto iOS";
		};
		42B5E08420C011690067F13E /* PBXContainerItemProxy */ = {
			isa = PBXContainerItemProxy;
			containerPortal = 42B5E06920C011690067F13E /* VirgilCrypto.xcodeproj */;
			proxyType = 2;
			remoteGlobalIDString = 42F85F2D1DC765AC00C3184C;
			remoteInfo = "VirgilCrypto iOS Tests";
		};
		42B5E08620C011690067F13E /* PBXContainerItemProxy */ = {
			isa = PBXContainerItemProxy;
			containerPortal = 42B5E06920C011690067F13E /* VirgilCrypto.xcodeproj */;
			proxyType = 2;
			remoteGlobalIDString = 423F00301E719EF200CC98A3;
			remoteInfo = "VirgilCrypto macOS";
		};
		42B5E08820C011690067F13E /* PBXContainerItemProxy */ = {
			isa = PBXContainerItemProxy;
			containerPortal = 42B5E06920C011690067F13E /* VirgilCrypto.xcodeproj */;
			proxyType = 2;
			remoteGlobalIDString = 423F00841E71A0FC00CC98A3;
			remoteInfo = "VirgilCrypto macOS Tests";
		};
		42B5E08A20C011690067F13E /* PBXContainerItemProxy */ = {
			isa = PBXContainerItemProxy;
			containerPortal = 42B5E06920C011690067F13E /* VirgilCrypto.xcodeproj */;
			proxyType = 2;
			remoteGlobalIDString = 42A01F7C1F7D51FE00FF8804;
			remoteInfo = "VirgilCrypto tvOS";
		};
		42B5E08C20C011690067F13E /* PBXContainerItemProxy */ = {
			isa = PBXContainerItemProxy;
			containerPortal = 42B5E06920C011690067F13E /* VirgilCrypto.xcodeproj */;
			proxyType = 2;
			remoteGlobalIDString = 42CDC30A1F6970C700D69111;
			remoteInfo = "VirgilCrypto tvOS Tests";
		};
		42B5E08E20C011690067F13E /* PBXContainerItemProxy */ = {
			isa = PBXContainerItemProxy;
			containerPortal = 42B5E06920C011690067F13E /* VirgilCrypto.xcodeproj */;
			proxyType = 2;
			remoteGlobalIDString = 42CDC2821F696DB900D69111;
			remoteInfo = "VirgilCrypto watchOS";
		};
		42B5E09020C011690067F13E /* PBXContainerItemProxy */ = {
			isa = PBXContainerItemProxy;
			containerPortal = 42B5E06920C011690067F13E /* VirgilCrypto.xcodeproj */;
			proxyType = 2;
			remoteGlobalIDString = 42B129EB201FD2790082F9BC;
			remoteInfo = "VirgilCryptoApiImpl iOS";
		};
		42B5E09220C011690067F13E /* PBXContainerItemProxy */ = {
			isa = PBXContainerItemProxy;
			containerPortal = 42B5E06920C011690067F13E /* VirgilCrypto.xcodeproj */;
			proxyType = 2;
			remoteGlobalIDString = 42B12B1E201FDC2E0082F9BC;
			remoteInfo = "VirgilCryptoApiImpl iOS Tests";
		};
		42B5E09420C011690067F13E /* PBXContainerItemProxy */ = {
			isa = PBXContainerItemProxy;
			containerPortal = 42B5E06920C011690067F13E /* VirgilCrypto.xcodeproj */;
			proxyType = 2;
			remoteGlobalIDString = 42B12ABF201FD6F70082F9BC;
			remoteInfo = "VirgilCryptoApiImpl macOS";
		};
		42B5E09620C011690067F13E /* PBXContainerItemProxy */ = {
			isa = PBXContainerItemProxy;
			containerPortal = 42B5E06920C011690067F13E /* VirgilCrypto.xcodeproj */;
			proxyType = 2;
			remoteGlobalIDString = 42B12B6A201FDCC60082F9BC;
			remoteInfo = "VirgilCryptoApiImpl macOS Tests";
		};
		42B5E09820C011690067F13E /* PBXContainerItemProxy */ = {
			isa = PBXContainerItemProxy;
			containerPortal = 42B5E06920C011690067F13E /* VirgilCrypto.xcodeproj */;
			proxyType = 2;
			remoteGlobalIDString = 42B12ADB201FD74C0082F9BC;
			remoteInfo = "VirgilCryptoApiImpl tvOS";
		};
		42B5E09A20C011690067F13E /* PBXContainerItemProxy */ = {
			isa = PBXContainerItemProxy;
			containerPortal = 42B5E06920C011690067F13E /* VirgilCrypto.xcodeproj */;
			proxyType = 2;
			remoteGlobalIDString = 42B12B79201FDCE00082F9BC;
			remoteInfo = "VirgilCryptoApiImpl tvOS Tests";
		};
		42B5E09C20C011690067F13E /* PBXContainerItemProxy */ = {
			isa = PBXContainerItemProxy;
			containerPortal = 42B5E06920C011690067F13E /* VirgilCrypto.xcodeproj */;
			proxyType = 2;
			remoteGlobalIDString = 42B12ACE201FD73F0082F9BC;
			remoteInfo = "VirgilCryptoApiImpl watchOS";
		};
		42B5E09E20C011690067F13E /* PBXContainerItemProxy */ = {
			isa = PBXContainerItemProxy;
			containerPortal = 42B5E06920C011690067F13E /* VirgilCrypto.xcodeproj */;
			proxyType = 2;
			remoteGlobalIDString = 42D61B63202A5843007E0758;
			remoteInfo = "VSCCrypto iOS";
		};
		42B5E0A020C011690067F13E /* PBXContainerItemProxy */ = {
			isa = PBXContainerItemProxy;
			containerPortal = 42B5E06920C011690067F13E /* VirgilCrypto.xcodeproj */;
			proxyType = 2;
			remoteGlobalIDString = 42D61B7E202A58B8007E0758;
			remoteInfo = "VSCCrypto macOS";
		};
		42B5E0A220C011690067F13E /* PBXContainerItemProxy */ = {
			isa = PBXContainerItemProxy;
			containerPortal = 42B5E06920C011690067F13E /* VirgilCrypto.xcodeproj */;
			proxyType = 2;
			remoteGlobalIDString = 42D61B8D202A5963007E0758;
			remoteInfo = "VSCCrypto tvOS";
		};
		42B5E0A420C011690067F13E /* PBXContainerItemProxy */ = {
			isa = PBXContainerItemProxy;
			containerPortal = 42B5E06920C011690067F13E /* VirgilCrypto.xcodeproj */;
			proxyType = 2;
			remoteGlobalIDString = 42D61B9B202A59C4007E0758;
			remoteInfo = "VSCCrypto watchOS";
		};
		42B5E0AC20C011A00067F13E /* PBXContainerItemProxy */ = {
			isa = PBXContainerItemProxy;
			containerPortal = 42B5E06920C011690067F13E /* VirgilCrypto.xcodeproj */;
			proxyType = 1;
			remoteGlobalIDString = 42F85ECC1DC7469D00C3184C;
			remoteInfo = "VirgilCrypto iOS";
		};
		42B5E0AE20C011A00067F13E /* PBXContainerItemProxy */ = {
			isa = PBXContainerItemProxy;
			containerPortal = 42B5E06920C011690067F13E /* VirgilCrypto.xcodeproj */;
			proxyType = 1;
			remoteGlobalIDString = 42B129EA201FD2790082F9BC;
			remoteInfo = "VirgilCryptoApiImpl iOS";
		};
		42B5E0B020C011A00067F13E /* PBXContainerItemProxy */ = {
			isa = PBXContainerItemProxy;
			containerPortal = 42B5E06920C011690067F13E /* VirgilCrypto.xcodeproj */;
			proxyType = 1;
			remoteGlobalIDString = 42D61B62202A5843007E0758;
			remoteInfo = "VSCCrypto iOS";
		};
		42B5E0B220C011A00067F13E /* PBXContainerItemProxy */ = {
			isa = PBXContainerItemProxy;
			containerPortal = 42B5E05020C011640067F13E /* VirgilCryptoAPI.xcodeproj */;
			proxyType = 1;
			remoteGlobalIDString = 428A61491F67FF0E00D6C057;
			remoteInfo = "VirgilCryptoAPI iOS";
		};
		42B5E0B420C011A00067F13E /* PBXContainerItemProxy */ = {
			isa = PBXContainerItemProxy;
			containerPortal = 42B5E02920C0115D0067F13E /* VirgilSDK.xcodeproj */;
			proxyType = 1;
			remoteGlobalIDString = 42EB30E31DB8EC17001DF4C0;
			remoteInfo = "VirgilSDK iOS";
		};
/* End PBXContainerItemProxy section */

/* Begin PBXCopyFilesBuildPhase section */
		42B5E0C520C0252C0067F13E /* CopyFiles */ = {
			isa = PBXCopyFilesBuildPhase;
			buildActionMask = 2147483647;
			dstPath = "";
			dstSubfolderSpec = 10;
			files = (
				42B5E0C620C025400067F13E /* VirgilCrypto.framework in CopyFiles */,
				42B5E0C720C025400067F13E /* VirgilCryptoApiImpl.framework in CopyFiles */,
				42B5E0C820C025400067F13E /* VSCCrypto.framework in CopyFiles */,
				42B5E0C920C025400067F13E /* VirgilCryptoAPI.framework in CopyFiles */,
				42B5E0CA20C025400067F13E /* VirgilSDK.framework in CopyFiles */,
			);
			runOnlyForDeploymentPostprocessing = 0;
		};
/* End PBXCopyFilesBuildPhase section */

/* Begin PBXFileReference section */
		425EF88920C5368400CE1D4F /* KeyknoxManager.swift */ = {isa = PBXFileReference; fileEncoding = 4; lastKnownFileType = sourcecode.swift; path = KeyknoxManager.swift; sourceTree = "<group>"; };
		425EF88A20C5368400CE1D4F /* KeyknoxManager+Queries.swift */ = {isa = PBXFileReference; fileEncoding = 4; lastKnownFileType = sourcecode.swift; path = "KeyknoxManager+Queries.swift"; sourceTree = "<group>"; };
		425EF8B120C5369100CE1D4F /* KeyknoxManager+Operations.swift */ = {isa = PBXFileReference; lastKnownFileType = sourcecode.swift; path = "KeyknoxManager+Operations.swift"; sourceTree = "<group>"; };
		425EF8B820C5488C00CE1D4F /* VSK002_KeyknoxManagerTests.m */ = {isa = PBXFileReference; lastKnownFileType = sourcecode.c.objc; path = VSK002_KeyknoxManagerTests.m; sourceTree = "<group>"; };
		425EF8BA20C549CF00CE1D4F /* KeyknoxManager+Obj-C.swift */ = {isa = PBXFileReference; lastKnownFileType = sourcecode.swift; path = "KeyknoxManager+Obj-C.swift"; sourceTree = "<group>"; };
		425EF8CF20C5A03200CE1D4F /* VSK003_CloudKeyStorageTests.m */ = {isa = PBXFileReference; lastKnownFileType = sourcecode.c.objc; path = VSK003_CloudKeyStorageTests.m; sourceTree = "<group>"; };
		425EF95120C8156D00CE1D4F /* CloudKeyStorage.swift */ = {isa = PBXFileReference; fileEncoding = 4; lastKnownFileType = sourcecode.swift; path = CloudKeyStorage.swift; sourceTree = "<group>"; };
		425EF95420C8160800CE1D4F /* CloudKeyStorage+Obj-C.swift */ = {isa = PBXFileReference; fileEncoding = 4; lastKnownFileType = sourcecode.swift; path = "CloudKeyStorage+Obj-C.swift"; sourceTree = "<group>"; };
		425EF95720C8171B00CE1D4F /* SyncKeyStorage.swift */ = {isa = PBXFileReference; lastKnownFileType = sourcecode.swift; path = SyncKeyStorage.swift; sourceTree = "<group>"; };
		42B5DFF520C005300067F13E /* VirgilSDKKeyknox.framework */ = {isa = PBXFileReference; explicitFileType = wrapper.framework; includeInIndex = 0; path = VirgilSDKKeyknox.framework; sourceTree = BUILT_PRODUCTS_DIR; };
		42B5DFF920C005300067F13E /* Info.plist */ = {isa = PBXFileReference; lastKnownFileType = text.plist.xml; path = Info.plist; sourceTree = "<group>"; };
		42B5E00B20C00DB80067F13E /* VirgilSDKKeyknox iOS Tests.xctest */ = {isa = PBXFileReference; explicitFileType = wrapper.cfbundle; includeInIndex = 0; path = "VirgilSDKKeyknox iOS Tests.xctest"; sourceTree = BUILT_PRODUCTS_DIR; };
		42B5E01E20C011380067F13E /* KeyknoxClientProtocol.swift */ = {isa = PBXFileReference; fileEncoding = 4; lastKnownFileType = sourcecode.swift; path = KeyknoxClientProtocol.swift; sourceTree = "<group>"; };
		42B5E01F20C011380067F13E /* KeyknoxClient.swift */ = {isa = PBXFileReference; fileEncoding = 4; lastKnownFileType = sourcecode.swift; path = KeyknoxClient.swift; sourceTree = "<group>"; };
		42B5E02020C011380067F13E /* KeynoxClient+Queries.swift */ = {isa = PBXFileReference; fileEncoding = 4; lastKnownFileType = sourcecode.swift; path = "KeynoxClient+Queries.swift"; sourceTree = "<group>"; };
		42B5E02220C011380067F13E /* KeyknoxData.swift */ = {isa = PBXFileReference; fileEncoding = 4; lastKnownFileType = sourcecode.swift; path = KeyknoxData.swift; sourceTree = "<group>"; };
		42B5E02920C0115D0067F13E /* VirgilSDK.xcodeproj */ = {isa = PBXFileReference; lastKnownFileType = "wrapper.pb-project"; name = VirgilSDK.xcodeproj; path = "Carthage/Checkouts/virgil-sdk-x/VirgilSDK.xcodeproj"; sourceTree = "<group>"; };
		42B5E05020C011640067F13E /* VirgilCryptoAPI.xcodeproj */ = {isa = PBXFileReference; lastKnownFileType = "wrapper.pb-project"; name = VirgilCryptoAPI.xcodeproj; path = "Carthage/Checkouts/virgil-cryptoapi-x/VirgilCryptoAPI.xcodeproj"; sourceTree = "<group>"; };
		42B5E06920C011690067F13E /* VirgilCrypto.xcodeproj */ = {isa = PBXFileReference; lastKnownFileType = "wrapper.pb-project"; name = VirgilCrypto.xcodeproj; path = "Carthage/Checkouts/virgil-foundation-x/VirgilCrypto.xcodeproj"; sourceTree = "<group>"; };
		42B5E0B620C01C9B0067F13E /* VSK001_ClientTests.m */ = {isa = PBXFileReference; fileEncoding = 4; lastKnownFileType = sourcecode.c.objc; path = VSK001_ClientTests.m; sourceTree = "<group>"; };
		42B5E0BA20C01E5A0067F13E /* TestConfig.plist */ = {isa = PBXFileReference; fileEncoding = 4; lastKnownFileType = text.plist.xml; path = TestConfig.plist; sourceTree = "<group>"; };
		42B5E0BB20C01E5A0067F13E /* TestConfig.swift */ = {isa = PBXFileReference; fileEncoding = 4; lastKnownFileType = sourcecode.swift; path = TestConfig.swift; sourceTree = "<group>"; };
/* End PBXFileReference section */

/* Begin PBXFrameworksBuildPhase section */
		42B5DFF120C005300067F13E /* Frameworks */ = {
			isa = PBXFrameworksBuildPhase;
			buildActionMask = 2147483647;
			files = (
				42B5E0A720C0117E0067F13E /* VirgilCrypto.framework in Frameworks */,
				42B5E0A820C0117E0067F13E /* VirgilCryptoAPI.framework in Frameworks */,
				42B5E0A920C0117E0067F13E /* VirgilCryptoApiImpl.framework in Frameworks */,
				42B5E0AA20C0117E0067F13E /* VirgilSDK.framework in Frameworks */,
				42B5E0AB20C0117E0067F13E /* VSCCrypto.framework in Frameworks */,
			);
			runOnlyForDeploymentPostprocessing = 0;
		};
		42B5E00820C00DB80067F13E /* Frameworks */ = {
			isa = PBXFrameworksBuildPhase;
			buildActionMask = 2147483647;
			files = (
				42B5E0C020C0251A0067F13E /* VirgilCrypto.framework in Frameworks */,
				42B5E0C120C0251A0067F13E /* VirgilCryptoAPI.framework in Frameworks */,
				42B5E0C220C0251A0067F13E /* VirgilCryptoApiImpl.framework in Frameworks */,
				42B5E0C320C0251A0067F13E /* VirgilSDK.framework in Frameworks */,
				42B5E0C420C0251A0067F13E /* VSCCrypto.framework in Frameworks */,
				42B5E01020C00DB80067F13E /* VirgilSDKKeyknox.framework in Frameworks */,
			);
			runOnlyForDeploymentPostprocessing = 0;
		};
/* End PBXFrameworksBuildPhase section */

/* Begin PBXGroup section */
		425EF88820C5368400CE1D4F /* KeyknoxManager */ = {
			isa = PBXGroup;
			children = (
				425EF88920C5368400CE1D4F /* KeyknoxManager.swift */,
				425EF88A20C5368400CE1D4F /* KeyknoxManager+Queries.swift */,
				425EF8B120C5369100CE1D4F /* KeyknoxManager+Operations.swift */,
				425EF8BA20C549CF00CE1D4F /* KeyknoxManager+Obj-C.swift */,
			);
			path = KeyknoxManager;
			sourceTree = "<group>";
		};
		425EF94F20C8156D00CE1D4F /* CloudKeyStorage */ = {
			isa = PBXGroup;
			children = (
				425EF95120C8156D00CE1D4F /* CloudKeyStorage.swift */,
				425EF95420C8160800CE1D4F /* CloudKeyStorage+Obj-C.swift */,
			);
			path = CloudKeyStorage;
			sourceTree = "<group>";
		};
		425EF95620C8171200CE1D4F /* SyncKeyStorage */ = {
			isa = PBXGroup;
			children = (
				425EF95720C8171B00CE1D4F /* SyncKeyStorage.swift */,
			);
			path = SyncKeyStorage;
			sourceTree = "<group>";
		};
		42B5DFEB20C005300067F13E = {
			isa = PBXGroup;
			children = (
				42B5E06920C011690067F13E /* VirgilCrypto.xcodeproj */,
				42B5E05020C011640067F13E /* VirgilCryptoAPI.xcodeproj */,
				42B5E02920C0115D0067F13E /* VirgilSDK.xcodeproj */,
				42B5DFF720C005300067F13E /* VirgilSDKKeyknox */,
				42B5E01A20C011380067F13E /* Source */,
				42B5E01620C00E320067F13E /* Tests */,
				42B5DFF620C005300067F13E /* Products */,
				42B5E0A620C0117E0067F13E /* Frameworks */,
			);
			sourceTree = "<group>";
		};
		42B5DFF620C005300067F13E /* Products */ = {
			isa = PBXGroup;
			children = (
				42B5DFF520C005300067F13E /* VirgilSDKKeyknox.framework */,
				42B5E00B20C00DB80067F13E /* VirgilSDKKeyknox iOS Tests.xctest */,
			);
			name = Products;
			sourceTree = "<group>";
		};
		42B5DFF720C005300067F13E /* VirgilSDKKeyknox */ = {
			isa = PBXGroup;
			children = (
				42B5DFF920C005300067F13E /* Info.plist */,
			);
			path = VirgilSDKKeyknox;
			sourceTree = "<group>";
		};
		42B5E01620C00E320067F13E /* Tests */ = {
			isa = PBXGroup;
			children = (
				42B5E0B820C01E5A0067F13E /* Data */,
				42B5E0BB20C01E5A0067F13E /* TestConfig.swift */,
				42B5E0B620C01C9B0067F13E /* VSK001_ClientTests.m */,
				425EF8B820C5488C00CE1D4F /* VSK002_KeyknoxManagerTests.m */,
				425EF8CF20C5A03200CE1D4F /* VSK003_CloudKeyStorageTests.m */,
			);
			path = Tests;
			sourceTree = "<group>";
		};
		42B5E01A20C011380067F13E /* Source */ = {
			isa = PBXGroup;
			children = (
				425EF95620C8171200CE1D4F /* SyncKeyStorage */,
				425EF94F20C8156D00CE1D4F /* CloudKeyStorage */,
				425EF88820C5368400CE1D4F /* KeyknoxManager */,
				42B5E01D20C011380067F13E /* Client */,
			);
			path = Source;
			sourceTree = "<group>";
		};
		42B5E01D20C011380067F13E /* Client */ = {
			isa = PBXGroup;
			children = (
				42B5E01E20C011380067F13E /* KeyknoxClientProtocol.swift */,
				42B5E01F20C011380067F13E /* KeyknoxClient.swift */,
				42B5E02020C011380067F13E /* KeynoxClient+Queries.swift */,
				42B5E02120C011380067F13E /* Models */,
			);
			path = Client;
			sourceTree = "<group>";
		};
		42B5E02120C011380067F13E /* Models */ = {
			isa = PBXGroup;
			children = (
				42B5E02220C011380067F13E /* KeyknoxData.swift */,
			);
			path = Models;
			sourceTree = "<group>";
		};
		42B5E02A20C0115D0067F13E /* Products */ = {
			isa = PBXGroup;
			children = (
				42B5E03B20C0115D0067F13E /* VirgilSDK.framework */,
				42B5E03D20C0115D0067F13E /* VirgilSDK iOS Tests.xctest */,
				42B5E03F20C0115D0067F13E /* VirgilSDK.framework */,
				42B5E04120C0115D0067F13E /* VirgilSDK macOS Tests.xctest */,
				42B5E04320C0115D0067F13E /* VirgilSDK.framework */,
				42B5E04520C0115D0067F13E /* VirgilSDK tvOS Tests.xctest */,
				42B5E04720C0115D0067F13E /* VirgilSDK.framework */,
				42B5E04920C0115D0067F13E /* TestApp iOS.app */,
				42B5E04B20C0115D0067F13E /* VirgilSDK iOS KeyStorage Tests.xctest */,
				42B5E04D20C0115D0067F13E /* TestApp tvOS.app */,
				42B5E04F20C0115D0067F13E /* VirgilSDK tvOS KeyStorage Tests.xctest */,
			);
			name = Products;
			sourceTree = "<group>";
		};
		42B5E05120C011640067F13E /* Products */ = {
			isa = PBXGroup;
			children = (
				42B5E05C20C011640067F13E /* VirgilCryptoAPI.framework */,
				42B5E05E20C011640067F13E /* VirgilCryptoAPI iOS Tests.xctest */,
				42B5E06020C011640067F13E /* VirgilCryptoAPI.framework */,
				42B5E06220C011640067F13E /* VirgilCryptoAPI macOS Tests.xctest */,
				42B5E06420C011640067F13E /* VirgilCryptoAPI.framework */,
				42B5E06620C011640067F13E /* VirgilCryptoAPI tvOS Tests.xctest */,
				42B5E06820C011640067F13E /* VirgilCryptoAPI.framework */,
			);
			name = Products;
			sourceTree = "<group>";
		};
		42B5E06A20C011690067F13E /* Products */ = {
			isa = PBXGroup;
			children = (
				42B5E08320C011690067F13E /* VirgilCrypto.framework */,
				42B5E08520C011690067F13E /* VirgilCrypto iOS Tests.xctest */,
				42B5E08720C011690067F13E /* VirgilCrypto.framework */,
				42B5E08920C011690067F13E /* VirgilCrypto macOS Tests.xctest */,
				42B5E08B20C011690067F13E /* VirgilCrypto.framework */,
				42B5E08D20C011690067F13E /* VirgilCrypto tvOS Tests.xctest */,
				42B5E08F20C011690067F13E /* VirgilCrypto.framework */,
				42B5E09120C011690067F13E /* VirgilCryptoApiImpl.framework */,
				42B5E09320C011690067F13E /* VirgilCryptoApiImpl iOS Tests.xctest */,
				42B5E09520C011690067F13E /* VirgilCryptoApiImpl.framework */,
				42B5E09720C011690067F13E /* VirgilCryptoApiImpl macOS Tests.xctest */,
				42B5E09920C011690067F13E /* VirgilCryptoApiImpl.framework */,
				42B5E09B20C011690067F13E /* VirgilCryptoApiImpl tvOS Tests.xctest */,
				42B5E09D20C011690067F13E /* VirgilCryptoApiImpl.framework */,
				42B5E09F20C011690067F13E /* VSCCrypto.framework */,
				42B5E0A120C011690067F13E /* VSCCrypto.framework */,
				42B5E0A320C011690067F13E /* VSCCrypto.framework */,
				42B5E0A520C011690067F13E /* VSCCrypto.framework */,
			);
			name = Products;
			sourceTree = "<group>";
		};
		42B5E0A620C0117E0067F13E /* Frameworks */ = {
			isa = PBXGroup;
			children = (
			);
			name = Frameworks;
			sourceTree = "<group>";
		};
		42B5E0B820C01E5A0067F13E /* Data */ = {
			isa = PBXGroup;
			children = (
				42B5E0BA20C01E5A0067F13E /* TestConfig.plist */,
			);
			path = Data;
			sourceTree = "<group>";
		};
/* End PBXGroup section */

/* Begin PBXHeadersBuildPhase section */
		42B5DFF220C005300067F13E /* Headers */ = {
			isa = PBXHeadersBuildPhase;
			buildActionMask = 2147483647;
			files = (
			);
			runOnlyForDeploymentPostprocessing = 0;
		};
/* End PBXHeadersBuildPhase section */

/* Begin PBXNativeTarget section */
		42B5DFF420C005300067F13E /* VirgilSDKKeyknox iOS */ = {
			isa = PBXNativeTarget;
			buildConfigurationList = 42B5DFFD20C005300067F13E /* Build configuration list for PBXNativeTarget "VirgilSDKKeyknox iOS" */;
			buildPhases = (
				42B5DFF020C005300067F13E /* Sources */,
				42B5DFF120C005300067F13E /* Frameworks */,
				42B5DFF220C005300067F13E /* Headers */,
				42B5DFF320C005300067F13E /* Resources */,
			);
			buildRules = (
			);
			dependencies = (
				42B5E0AD20C011A00067F13E /* PBXTargetDependency */,
				42B5E0AF20C011A00067F13E /* PBXTargetDependency */,
				42B5E0B120C011A00067F13E /* PBXTargetDependency */,
				42B5E0B320C011A00067F13E /* PBXTargetDependency */,
				42B5E0B520C011A00067F13E /* PBXTargetDependency */,
			);
			name = "VirgilSDKKeyknox iOS";
			productName = VirgilSDKKeyknox;
			productReference = 42B5DFF520C005300067F13E /* VirgilSDKKeyknox.framework */;
			productType = "com.apple.product-type.framework";
		};
		42B5E00A20C00DB80067F13E /* VirgilSDKKeyknox iOS Tests */ = {
			isa = PBXNativeTarget;
			buildConfigurationList = 42B5E01320C00DB80067F13E /* Build configuration list for PBXNativeTarget "VirgilSDKKeyknox iOS Tests" */;
			buildPhases = (
				42B5E00720C00DB80067F13E /* Sources */,
				42B5E00820C00DB80067F13E /* Frameworks */,
				42B5E00920C00DB80067F13E /* Resources */,
				42B5E0C520C0252C0067F13E /* CopyFiles */,
			);
			buildRules = (
			);
			dependencies = (
				42B5E01220C00DB80067F13E /* PBXTargetDependency */,
			);
			name = "VirgilSDKKeyknox iOS Tests";
			productName = "VirgilSDKKeyknox iOS Tests";
			productReference = 42B5E00B20C00DB80067F13E /* VirgilSDKKeyknox iOS Tests.xctest */;
			productType = "com.apple.product-type.bundle.unit-test";
		};
/* End PBXNativeTarget section */

/* Begin PBXProject section */
		42B5DFEC20C005300067F13E /* Project object */ = {
			isa = PBXProject;
			attributes = {
				CLASSPREFIX = VSK;
				LastUpgradeCheck = 0930;
				ORGANIZATIONNAME = "Virgil Security";
				TargetAttributes = {
					42B5DFF420C005300067F13E = {
						CreatedOnToolsVersion = 9.3.1;
						LastSwiftMigration = 0940;
					};
					42B5E00A20C00DB80067F13E = {
						CreatedOnToolsVersion = 9.3.1;
						LastSwiftMigration = 0930;
					};
				};
			};
			buildConfigurationList = 42B5DFEF20C005300067F13E /* Build configuration list for PBXProject "VirgilSDKKeyknox" */;
			compatibilityVersion = "Xcode 9.3";
			developmentRegion = en;
			hasScannedForEncodings = 0;
			knownRegions = (
				en,
			);
			mainGroup = 42B5DFEB20C005300067F13E;
			productRefGroup = 42B5DFF620C005300067F13E /* Products */;
			projectDirPath = "";
			projectReferences = (
				{
					ProductGroup = 42B5E06A20C011690067F13E /* Products */;
					ProjectRef = 42B5E06920C011690067F13E /* VirgilCrypto.xcodeproj */;
				},
				{
					ProductGroup = 42B5E05120C011640067F13E /* Products */;
					ProjectRef = 42B5E05020C011640067F13E /* VirgilCryptoAPI.xcodeproj */;
				},
				{
					ProductGroup = 42B5E02A20C0115D0067F13E /* Products */;
					ProjectRef = 42B5E02920C0115D0067F13E /* VirgilSDK.xcodeproj */;
				},
			);
			projectRoot = "";
			targets = (
				42B5DFF420C005300067F13E /* VirgilSDKKeyknox iOS */,
				42B5E00A20C00DB80067F13E /* VirgilSDKKeyknox iOS Tests */,
			);
		};
/* End PBXProject section */

/* Begin PBXReferenceProxy section */
		42B5E03B20C0115D0067F13E /* VirgilSDK.framework */ = {
			isa = PBXReferenceProxy;
			fileType = wrapper.framework;
			path = VirgilSDK.framework;
			remoteRef = 42B5E03A20C0115D0067F13E /* PBXContainerItemProxy */;
			sourceTree = BUILT_PRODUCTS_DIR;
		};
		42B5E03D20C0115D0067F13E /* VirgilSDK iOS Tests.xctest */ = {
			isa = PBXReferenceProxy;
			fileType = wrapper.cfbundle;
			path = "VirgilSDK iOS Tests.xctest";
			remoteRef = 42B5E03C20C0115D0067F13E /* PBXContainerItemProxy */;
			sourceTree = BUILT_PRODUCTS_DIR;
		};
		42B5E03F20C0115D0067F13E /* VirgilSDK.framework */ = {
			isa = PBXReferenceProxy;
			fileType = wrapper.framework;
			path = VirgilSDK.framework;
			remoteRef = 42B5E03E20C0115D0067F13E /* PBXContainerItemProxy */;
			sourceTree = BUILT_PRODUCTS_DIR;
		};
		42B5E04120C0115D0067F13E /* VirgilSDK macOS Tests.xctest */ = {
			isa = PBXReferenceProxy;
			fileType = wrapper.cfbundle;
			path = "VirgilSDK macOS Tests.xctest";
			remoteRef = 42B5E04020C0115D0067F13E /* PBXContainerItemProxy */;
			sourceTree = BUILT_PRODUCTS_DIR;
		};
		42B5E04320C0115D0067F13E /* VirgilSDK.framework */ = {
			isa = PBXReferenceProxy;
			fileType = wrapper.framework;
			path = VirgilSDK.framework;
			remoteRef = 42B5E04220C0115D0067F13E /* PBXContainerItemProxy */;
			sourceTree = BUILT_PRODUCTS_DIR;
		};
		42B5E04520C0115D0067F13E /* VirgilSDK tvOS Tests.xctest */ = {
			isa = PBXReferenceProxy;
			fileType = wrapper.cfbundle;
			path = "VirgilSDK tvOS Tests.xctest";
			remoteRef = 42B5E04420C0115D0067F13E /* PBXContainerItemProxy */;
			sourceTree = BUILT_PRODUCTS_DIR;
		};
		42B5E04720C0115D0067F13E /* VirgilSDK.framework */ = {
			isa = PBXReferenceProxy;
			fileType = wrapper.framework;
			path = VirgilSDK.framework;
			remoteRef = 42B5E04620C0115D0067F13E /* PBXContainerItemProxy */;
			sourceTree = BUILT_PRODUCTS_DIR;
		};
		42B5E04920C0115D0067F13E /* TestApp iOS.app */ = {
			isa = PBXReferenceProxy;
			fileType = wrapper.application;
			path = "TestApp iOS.app";
			remoteRef = 42B5E04820C0115D0067F13E /* PBXContainerItemProxy */;
			sourceTree = BUILT_PRODUCTS_DIR;
		};
		42B5E04B20C0115D0067F13E /* VirgilSDK iOS KeyStorage Tests.xctest */ = {
			isa = PBXReferenceProxy;
			fileType = wrapper.cfbundle;
			path = "VirgilSDK iOS KeyStorage Tests.xctest";
			remoteRef = 42B5E04A20C0115D0067F13E /* PBXContainerItemProxy */;
			sourceTree = BUILT_PRODUCTS_DIR;
		};
		42B5E04D20C0115D0067F13E /* TestApp tvOS.app */ = {
			isa = PBXReferenceProxy;
			fileType = wrapper.application;
			path = "TestApp tvOS.app";
			remoteRef = 42B5E04C20C0115D0067F13E /* PBXContainerItemProxy */;
			sourceTree = BUILT_PRODUCTS_DIR;
		};
		42B5E04F20C0115D0067F13E /* VirgilSDK tvOS KeyStorage Tests.xctest */ = {
			isa = PBXReferenceProxy;
			fileType = wrapper.cfbundle;
			path = "VirgilSDK tvOS KeyStorage Tests.xctest";
			remoteRef = 42B5E04E20C0115D0067F13E /* PBXContainerItemProxy */;
			sourceTree = BUILT_PRODUCTS_DIR;
		};
		42B5E05C20C011640067F13E /* VirgilCryptoAPI.framework */ = {
			isa = PBXReferenceProxy;
			fileType = wrapper.framework;
			path = VirgilCryptoAPI.framework;
			remoteRef = 42B5E05B20C011640067F13E /* PBXContainerItemProxy */;
			sourceTree = BUILT_PRODUCTS_DIR;
		};
		42B5E05E20C011640067F13E /* VirgilCryptoAPI iOS Tests.xctest */ = {
			isa = PBXReferenceProxy;
			fileType = wrapper.cfbundle;
			path = "VirgilCryptoAPI iOS Tests.xctest";
			remoteRef = 42B5E05D20C011640067F13E /* PBXContainerItemProxy */;
			sourceTree = BUILT_PRODUCTS_DIR;
		};
		42B5E06020C011640067F13E /* VirgilCryptoAPI.framework */ = {
			isa = PBXReferenceProxy;
			fileType = wrapper.framework;
			path = VirgilCryptoAPI.framework;
			remoteRef = 42B5E05F20C011640067F13E /* PBXContainerItemProxy */;
			sourceTree = BUILT_PRODUCTS_DIR;
		};
		42B5E06220C011640067F13E /* VirgilCryptoAPI macOS Tests.xctest */ = {
			isa = PBXReferenceProxy;
			fileType = wrapper.cfbundle;
			path = "VirgilCryptoAPI macOS Tests.xctest";
			remoteRef = 42B5E06120C011640067F13E /* PBXContainerItemProxy */;
			sourceTree = BUILT_PRODUCTS_DIR;
		};
		42B5E06420C011640067F13E /* VirgilCryptoAPI.framework */ = {
			isa = PBXReferenceProxy;
			fileType = wrapper.framework;
			path = VirgilCryptoAPI.framework;
			remoteRef = 42B5E06320C011640067F13E /* PBXContainerItemProxy */;
			sourceTree = BUILT_PRODUCTS_DIR;
		};
		42B5E06620C011640067F13E /* VirgilCryptoAPI tvOS Tests.xctest */ = {
			isa = PBXReferenceProxy;
			fileType = wrapper.cfbundle;
			path = "VirgilCryptoAPI tvOS Tests.xctest";
			remoteRef = 42B5E06520C011640067F13E /* PBXContainerItemProxy */;
			sourceTree = BUILT_PRODUCTS_DIR;
		};
		42B5E06820C011640067F13E /* VirgilCryptoAPI.framework */ = {
			isa = PBXReferenceProxy;
			fileType = wrapper.framework;
			path = VirgilCryptoAPI.framework;
			remoteRef = 42B5E06720C011640067F13E /* PBXContainerItemProxy */;
			sourceTree = BUILT_PRODUCTS_DIR;
		};
		42B5E08320C011690067F13E /* VirgilCrypto.framework */ = {
			isa = PBXReferenceProxy;
			fileType = wrapper.framework;
			path = VirgilCrypto.framework;
			remoteRef = 42B5E08220C011690067F13E /* PBXContainerItemProxy */;
			sourceTree = BUILT_PRODUCTS_DIR;
		};
		42B5E08520C011690067F13E /* VirgilCrypto iOS Tests.xctest */ = {
			isa = PBXReferenceProxy;
			fileType = wrapper.cfbundle;
			path = "VirgilCrypto iOS Tests.xctest";
			remoteRef = 42B5E08420C011690067F13E /* PBXContainerItemProxy */;
			sourceTree = BUILT_PRODUCTS_DIR;
		};
		42B5E08720C011690067F13E /* VirgilCrypto.framework */ = {
			isa = PBXReferenceProxy;
			fileType = wrapper.framework;
			path = VirgilCrypto.framework;
			remoteRef = 42B5E08620C011690067F13E /* PBXContainerItemProxy */;
			sourceTree = BUILT_PRODUCTS_DIR;
		};
		42B5E08920C011690067F13E /* VirgilCrypto macOS Tests.xctest */ = {
			isa = PBXReferenceProxy;
			fileType = wrapper.cfbundle;
			path = "VirgilCrypto macOS Tests.xctest";
			remoteRef = 42B5E08820C011690067F13E /* PBXContainerItemProxy */;
			sourceTree = BUILT_PRODUCTS_DIR;
		};
		42B5E08B20C011690067F13E /* VirgilCrypto.framework */ = {
			isa = PBXReferenceProxy;
			fileType = wrapper.framework;
			path = VirgilCrypto.framework;
			remoteRef = 42B5E08A20C011690067F13E /* PBXContainerItemProxy */;
			sourceTree = BUILT_PRODUCTS_DIR;
		};
		42B5E08D20C011690067F13E /* VirgilCrypto tvOS Tests.xctest */ = {
			isa = PBXReferenceProxy;
			fileType = wrapper.cfbundle;
			path = "VirgilCrypto tvOS Tests.xctest";
			remoteRef = 42B5E08C20C011690067F13E /* PBXContainerItemProxy */;
			sourceTree = BUILT_PRODUCTS_DIR;
		};
		42B5E08F20C011690067F13E /* VirgilCrypto.framework */ = {
			isa = PBXReferenceProxy;
			fileType = wrapper.framework;
			path = VirgilCrypto.framework;
			remoteRef = 42B5E08E20C011690067F13E /* PBXContainerItemProxy */;
			sourceTree = BUILT_PRODUCTS_DIR;
		};
		42B5E09120C011690067F13E /* VirgilCryptoApiImpl.framework */ = {
			isa = PBXReferenceProxy;
			fileType = wrapper.framework;
			path = VirgilCryptoApiImpl.framework;
			remoteRef = 42B5E09020C011690067F13E /* PBXContainerItemProxy */;
			sourceTree = BUILT_PRODUCTS_DIR;
		};
		42B5E09320C011690067F13E /* VirgilCryptoApiImpl iOS Tests.xctest */ = {
			isa = PBXReferenceProxy;
			fileType = wrapper.cfbundle;
			path = "VirgilCryptoApiImpl iOS Tests.xctest";
			remoteRef = 42B5E09220C011690067F13E /* PBXContainerItemProxy */;
			sourceTree = BUILT_PRODUCTS_DIR;
		};
		42B5E09520C011690067F13E /* VirgilCryptoApiImpl.framework */ = {
			isa = PBXReferenceProxy;
			fileType = wrapper.framework;
			path = VirgilCryptoApiImpl.framework;
			remoteRef = 42B5E09420C011690067F13E /* PBXContainerItemProxy */;
			sourceTree = BUILT_PRODUCTS_DIR;
		};
		42B5E09720C011690067F13E /* VirgilCryptoApiImpl macOS Tests.xctest */ = {
			isa = PBXReferenceProxy;
			fileType = wrapper.cfbundle;
			path = "VirgilCryptoApiImpl macOS Tests.xctest";
			remoteRef = 42B5E09620C011690067F13E /* PBXContainerItemProxy */;
			sourceTree = BUILT_PRODUCTS_DIR;
		};
		42B5E09920C011690067F13E /* VirgilCryptoApiImpl.framework */ = {
			isa = PBXReferenceProxy;
			fileType = wrapper.framework;
			path = VirgilCryptoApiImpl.framework;
			remoteRef = 42B5E09820C011690067F13E /* PBXContainerItemProxy */;
			sourceTree = BUILT_PRODUCTS_DIR;
		};
		42B5E09B20C011690067F13E /* VirgilCryptoApiImpl tvOS Tests.xctest */ = {
			isa = PBXReferenceProxy;
			fileType = wrapper.cfbundle;
			path = "VirgilCryptoApiImpl tvOS Tests.xctest";
			remoteRef = 42B5E09A20C011690067F13E /* PBXContainerItemProxy */;
			sourceTree = BUILT_PRODUCTS_DIR;
		};
		42B5E09D20C011690067F13E /* VirgilCryptoApiImpl.framework */ = {
			isa = PBXReferenceProxy;
			fileType = wrapper.framework;
			path = VirgilCryptoApiImpl.framework;
			remoteRef = 42B5E09C20C011690067F13E /* PBXContainerItemProxy */;
			sourceTree = BUILT_PRODUCTS_DIR;
		};
		42B5E09F20C011690067F13E /* VSCCrypto.framework */ = {
			isa = PBXReferenceProxy;
			fileType = wrapper.framework;
			path = VSCCrypto.framework;
			remoteRef = 42B5E09E20C011690067F13E /* PBXContainerItemProxy */;
			sourceTree = BUILT_PRODUCTS_DIR;
		};
		42B5E0A120C011690067F13E /* VSCCrypto.framework */ = {
			isa = PBXReferenceProxy;
			fileType = wrapper.framework;
			path = VSCCrypto.framework;
			remoteRef = 42B5E0A020C011690067F13E /* PBXContainerItemProxy */;
			sourceTree = BUILT_PRODUCTS_DIR;
		};
		42B5E0A320C011690067F13E /* VSCCrypto.framework */ = {
			isa = PBXReferenceProxy;
			fileType = wrapper.framework;
			path = VSCCrypto.framework;
			remoteRef = 42B5E0A220C011690067F13E /* PBXContainerItemProxy */;
			sourceTree = BUILT_PRODUCTS_DIR;
		};
		42B5E0A520C011690067F13E /* VSCCrypto.framework */ = {
			isa = PBXReferenceProxy;
			fileType = wrapper.framework;
			path = VSCCrypto.framework;
			remoteRef = 42B5E0A420C011690067F13E /* PBXContainerItemProxy */;
			sourceTree = BUILT_PRODUCTS_DIR;
		};
/* End PBXReferenceProxy section */

/* Begin PBXResourcesBuildPhase section */
		42B5DFF320C005300067F13E /* Resources */ = {
			isa = PBXResourcesBuildPhase;
			buildActionMask = 2147483647;
			files = (
			);
			runOnlyForDeploymentPostprocessing = 0;
		};
		42B5E00920C00DB80067F13E /* Resources */ = {
			isa = PBXResourcesBuildPhase;
			buildActionMask = 2147483647;
			files = (
				42B5E0BD20C01E5A0067F13E /* TestConfig.plist in Resources */,
			);
			runOnlyForDeploymentPostprocessing = 0;
		};
/* End PBXResourcesBuildPhase section */

/* Begin PBXSourcesBuildPhase section */
		42B5DFF020C005300067F13E /* Sources */ = {
			isa = PBXSourcesBuildPhase;
			buildActionMask = 2147483647;
			files = (
				425EF8AF20C5368400CE1D4F /* KeyknoxManager.swift in Sources */,
				425EF95820C8171B00CE1D4F /* SyncKeyStorage.swift in Sources */,
				425EF95520C8160800CE1D4F /* CloudKeyStorage+Obj-C.swift in Sources */,
				425EF8B220C5369100CE1D4F /* KeyknoxManager+Operations.swift in Sources */,
				42B5E02720C011380067F13E /* KeynoxClient+Queries.swift in Sources */,
				425EF95320C8156E00CE1D4F /* CloudKeyStorage.swift in Sources */,
				42B5E02820C011380067F13E /* KeyknoxData.swift in Sources */,
				425EF8B020C5368400CE1D4F /* KeyknoxManager+Queries.swift in Sources */,
				42B5E02620C011380067F13E /* KeyknoxClient.swift in Sources */,
				42B5E02520C011380067F13E /* KeyknoxClientProtocol.swift in Sources */,
				425EF8BC20C549F500CE1D4F /* KeyknoxManager+Obj-C.swift in Sources */,
			);
			runOnlyForDeploymentPostprocessing = 0;
		};
		42B5E00720C00DB80067F13E /* Sources */ = {
			isa = PBXSourcesBuildPhase;
			buildActionMask = 2147483647;
			files = (
				425EF8D020C5A03200CE1D4F /* VSK003_CloudKeyStorageTests.m in Sources */,
				42B5E0B720C01C9B0067F13E /* VSK001_ClientTests.m in Sources */,
				425EF8B920C5488C00CE1D4F /* VSK002_KeyknoxManagerTests.m in Sources */,
				42B5E0BE20C01E5A0067F13E /* TestConfig.swift in Sources */,
			);
			runOnlyForDeploymentPostprocessing = 0;
		};
/* End PBXSourcesBuildPhase section */

/* Begin PBXTargetDependency section */
		42B5E01220C00DB80067F13E /* PBXTargetDependency */ = {
			isa = PBXTargetDependency;
			target = 42B5DFF420C005300067F13E /* VirgilSDKKeyknox iOS */;
			targetProxy = 42B5E01120C00DB80067F13E /* PBXContainerItemProxy */;
		};
		42B5E0AD20C011A00067F13E /* PBXTargetDependency */ = {
			isa = PBXTargetDependency;
			name = "VirgilCrypto iOS";
			targetProxy = 42B5E0AC20C011A00067F13E /* PBXContainerItemProxy */;
		};
		42B5E0AF20C011A00067F13E /* PBXTargetDependency */ = {
			isa = PBXTargetDependency;
			name = "VirgilCryptoApiImpl iOS";
			targetProxy = 42B5E0AE20C011A00067F13E /* PBXContainerItemProxy */;
		};
		42B5E0B120C011A00067F13E /* PBXTargetDependency */ = {
			isa = PBXTargetDependency;
			name = "VSCCrypto iOS";
			targetProxy = 42B5E0B020C011A00067F13E /* PBXContainerItemProxy */;
		};
		42B5E0B320C011A00067F13E /* PBXTargetDependency */ = {
			isa = PBXTargetDependency;
			name = "VirgilCryptoAPI iOS";
			targetProxy = 42B5E0B220C011A00067F13E /* PBXContainerItemProxy */;
		};
		42B5E0B520C011A00067F13E /* PBXTargetDependency */ = {
			isa = PBXTargetDependency;
			name = "VirgilSDK iOS";
			targetProxy = 42B5E0B420C011A00067F13E /* PBXContainerItemProxy */;
		};
/* End PBXTargetDependency section */

/* Begin XCBuildConfiguration section */
		42B5DFFB20C005300067F13E /* Debug */ = {
			isa = XCBuildConfiguration;
			buildSettings = {
				ALWAYS_SEARCH_USER_PATHS = NO;
				CLANG_ANALYZER_NONNULL = YES;
				CLANG_ANALYZER_NUMBER_OBJECT_CONVERSION = YES_AGGRESSIVE;
				CLANG_CXX_LANGUAGE_STANDARD = "gnu++14";
				CLANG_CXX_LIBRARY = "libc++";
				CLANG_ENABLE_MODULES = YES;
				CLANG_ENABLE_OBJC_ARC = YES;
				CLANG_ENABLE_OBJC_WEAK = YES;
				CLANG_WARN_BLOCK_CAPTURE_AUTORELEASING = YES;
				CLANG_WARN_BOOL_CONVERSION = YES;
				CLANG_WARN_COMMA = YES;
				CLANG_WARN_CONSTANT_CONVERSION = YES;
				CLANG_WARN_DEPRECATED_OBJC_IMPLEMENTATIONS = YES;
				CLANG_WARN_DIRECT_OBJC_ISA_USAGE = YES_ERROR;
				CLANG_WARN_DOCUMENTATION_COMMENTS = YES;
				CLANG_WARN_EMPTY_BODY = YES;
				CLANG_WARN_ENUM_CONVERSION = YES;
				CLANG_WARN_INFINITE_RECURSION = YES;
				CLANG_WARN_INT_CONVERSION = YES;
				CLANG_WARN_NON_LITERAL_NULL_CONVERSION = YES;
				CLANG_WARN_OBJC_IMPLICIT_RETAIN_SELF = YES;
				CLANG_WARN_OBJC_LITERAL_CONVERSION = YES;
				CLANG_WARN_OBJC_ROOT_CLASS = YES_ERROR;
				CLANG_WARN_RANGE_LOOP_ANALYSIS = YES;
				CLANG_WARN_STRICT_PROTOTYPES = YES;
				CLANG_WARN_SUSPICIOUS_MOVE = YES;
				CLANG_WARN_UNGUARDED_AVAILABILITY = YES_AGGRESSIVE;
				CLANG_WARN_UNREACHABLE_CODE = YES;
				CLANG_WARN__DUPLICATE_METHOD_MATCH = YES;
				CODE_SIGN_IDENTITY = "iPhone Developer";
				COPY_PHASE_STRIP = NO;
				CURRENT_PROJECT_VERSION = 1;
				DEBUG_INFORMATION_FORMAT = dwarf;
				ENABLE_STRICT_OBJC_MSGSEND = YES;
				ENABLE_TESTABILITY = YES;
				GCC_C_LANGUAGE_STANDARD = gnu11;
				GCC_DYNAMIC_NO_PIC = NO;
				GCC_NO_COMMON_BLOCKS = YES;
				GCC_OPTIMIZATION_LEVEL = 0;
				GCC_PREPROCESSOR_DEFINITIONS = (
					"DEBUG=1",
					"$(inherited)",
				);
				GCC_WARN_64_TO_32_BIT_CONVERSION = YES;
				GCC_WARN_ABOUT_RETURN_TYPE = YES_ERROR;
				GCC_WARN_UNDECLARED_SELECTOR = YES;
				GCC_WARN_UNINITIALIZED_AUTOS = YES_AGGRESSIVE;
				GCC_WARN_UNUSED_FUNCTION = YES;
				GCC_WARN_UNUSED_VARIABLE = YES;
				IPHONEOS_DEPLOYMENT_TARGET = 11.3;
				MTL_ENABLE_DEBUG_INFO = YES;
				ONLY_ACTIVE_ARCH = YES;
				SDKROOT = iphoneos;
				SWIFT_ACTIVE_COMPILATION_CONDITIONS = DEBUG;
				SWIFT_OPTIMIZATION_LEVEL = "-Onone";
				VERSIONING_SYSTEM = "apple-generic";
				VERSION_INFO_PREFIX = "";
			};
			name = Debug;
		};
		42B5DFFC20C005300067F13E /* Release */ = {
			isa = XCBuildConfiguration;
			buildSettings = {
				ALWAYS_SEARCH_USER_PATHS = NO;
				CLANG_ANALYZER_NONNULL = YES;
				CLANG_ANALYZER_NUMBER_OBJECT_CONVERSION = YES_AGGRESSIVE;
				CLANG_CXX_LANGUAGE_STANDARD = "gnu++14";
				CLANG_CXX_LIBRARY = "libc++";
				CLANG_ENABLE_MODULES = YES;
				CLANG_ENABLE_OBJC_ARC = YES;
				CLANG_ENABLE_OBJC_WEAK = YES;
				CLANG_WARN_BLOCK_CAPTURE_AUTORELEASING = YES;
				CLANG_WARN_BOOL_CONVERSION = YES;
				CLANG_WARN_COMMA = YES;
				CLANG_WARN_CONSTANT_CONVERSION = YES;
				CLANG_WARN_DEPRECATED_OBJC_IMPLEMENTATIONS = YES;
				CLANG_WARN_DIRECT_OBJC_ISA_USAGE = YES_ERROR;
				CLANG_WARN_DOCUMENTATION_COMMENTS = YES;
				CLANG_WARN_EMPTY_BODY = YES;
				CLANG_WARN_ENUM_CONVERSION = YES;
				CLANG_WARN_INFINITE_RECURSION = YES;
				CLANG_WARN_INT_CONVERSION = YES;
				CLANG_WARN_NON_LITERAL_NULL_CONVERSION = YES;
				CLANG_WARN_OBJC_IMPLICIT_RETAIN_SELF = YES;
				CLANG_WARN_OBJC_LITERAL_CONVERSION = YES;
				CLANG_WARN_OBJC_ROOT_CLASS = YES_ERROR;
				CLANG_WARN_RANGE_LOOP_ANALYSIS = YES;
				CLANG_WARN_STRICT_PROTOTYPES = YES;
				CLANG_WARN_SUSPICIOUS_MOVE = YES;
				CLANG_WARN_UNGUARDED_AVAILABILITY = YES_AGGRESSIVE;
				CLANG_WARN_UNREACHABLE_CODE = YES;
				CLANG_WARN__DUPLICATE_METHOD_MATCH = YES;
				CODE_SIGN_IDENTITY = "iPhone Developer";
				COPY_PHASE_STRIP = NO;
				CURRENT_PROJECT_VERSION = 1;
				DEBUG_INFORMATION_FORMAT = "dwarf-with-dsym";
				ENABLE_NS_ASSERTIONS = NO;
				ENABLE_STRICT_OBJC_MSGSEND = YES;
				GCC_C_LANGUAGE_STANDARD = gnu11;
				GCC_NO_COMMON_BLOCKS = YES;
				GCC_WARN_64_TO_32_BIT_CONVERSION = YES;
				GCC_WARN_ABOUT_RETURN_TYPE = YES_ERROR;
				GCC_WARN_UNDECLARED_SELECTOR = YES;
				GCC_WARN_UNINITIALIZED_AUTOS = YES_AGGRESSIVE;
				GCC_WARN_UNUSED_FUNCTION = YES;
				GCC_WARN_UNUSED_VARIABLE = YES;
				IPHONEOS_DEPLOYMENT_TARGET = 11.3;
				MTL_ENABLE_DEBUG_INFO = NO;
				SDKROOT = iphoneos;
				SWIFT_COMPILATION_MODE = wholemodule;
				SWIFT_OPTIMIZATION_LEVEL = "-O";
				VALIDATE_PRODUCT = YES;
				VERSIONING_SYSTEM = "apple-generic";
				VERSION_INFO_PREFIX = "";
			};
			name = Release;
		};
		42B5DFFE20C005300067F13E /* Debug */ = {
			isa = XCBuildConfiguration;
			buildSettings = {
				ALWAYS_EMBED_SWIFT_STANDARD_LIBRARIES = YES;
				APPLICATION_EXTENSION_API_ONLY = YES;
				CODE_SIGN_IDENTITY = "";
				CODE_SIGN_STYLE = Automatic;
				DEFINES_MODULE = YES;
				DYLIB_COMPATIBILITY_VERSION = 1;
				DYLIB_CURRENT_VERSION = 1;
				DYLIB_INSTALL_NAME_BASE = "@rpath";
				INFOPLIST_FILE = VirgilSDKKeyknox/Info.plist;
				INSTALL_PATH = "$(LOCAL_LIBRARY_DIR)/Frameworks";
				IPHONEOS_DEPLOYMENT_TARGET = 9.0;
				LD_RUNPATH_SEARCH_PATHS = (
					"$(inherited)",
					"@executable_path/Frameworks",
					"@loader_path/Frameworks",
				);
				PRODUCT_BUNDLE_IDENTIFIER = com.virgilsecurity.VirgilSDKKeyknox;
				PRODUCT_MODULE_NAME = VirgilSDKKeyknox;
				PRODUCT_NAME = VirgilSDKKeyknox;
				SKIP_INSTALL = YES;
				SWIFT_VERSION = 4.0;
				TARGETED_DEVICE_FAMILY = "1,2";
			};
			name = Debug;
		};
		42B5DFFF20C005300067F13E /* Release */ = {
			isa = XCBuildConfiguration;
			buildSettings = {
				ALWAYS_EMBED_SWIFT_STANDARD_LIBRARIES = YES;
				APPLICATION_EXTENSION_API_ONLY = YES;
				CODE_SIGN_IDENTITY = "";
				CODE_SIGN_STYLE = Automatic;
				DEFINES_MODULE = YES;
				DYLIB_COMPATIBILITY_VERSION = 1;
				DYLIB_CURRENT_VERSION = 1;
				DYLIB_INSTALL_NAME_BASE = "@rpath";
				INFOPLIST_FILE = VirgilSDKKeyknox/Info.plist;
				INSTALL_PATH = "$(LOCAL_LIBRARY_DIR)/Frameworks";
				IPHONEOS_DEPLOYMENT_TARGET = 9.0;
				LD_RUNPATH_SEARCH_PATHS = (
					"$(inherited)",
					"@executable_path/Frameworks",
					"@loader_path/Frameworks",
				);
				PRODUCT_BUNDLE_IDENTIFIER = com.virgilsecurity.VirgilSDKKeyknox;
				PRODUCT_MODULE_NAME = VirgilSDKKeyknox;
				PRODUCT_NAME = VirgilSDKKeyknox;
				SKIP_INSTALL = YES;
				SWIFT_VERSION = 4.0;
				TARGETED_DEVICE_FAMILY = "1,2";
			};
			name = Release;
		};
		42B5E01420C00DB80067F13E /* Debug */ = {
			isa = XCBuildConfiguration;
			buildSettings = {
				ALWAYS_EMBED_SWIFT_STANDARD_LIBRARIES = YES;
				CLANG_ENABLE_MODULES = YES;
				CODE_SIGN_IDENTITY = "";
				CODE_SIGN_STYLE = Automatic;
				LD_RUNPATH_SEARCH_PATHS = (
					"$(inherited)",
					"@executable_path/Frameworks",
					"@loader_path/Frameworks",
				);
				PRODUCT_BUNDLE_IDENTIFIER = "com.virgilsecurity.VirgilSDKKeyknox-iOS-Tests";
				PRODUCT_NAME = "$(TARGET_NAME)";
				SWIFT_OPTIMIZATION_LEVEL = "-Onone";
				SWIFT_VERSION = 3.0;
				TARGETED_DEVICE_FAMILY = "1,2";
			};
			name = Debug;
		};
		42B5E01520C00DB80067F13E /* Release */ = {
			isa = XCBuildConfiguration;
			buildSettings = {
				ALWAYS_EMBED_SWIFT_STANDARD_LIBRARIES = YES;
				CLANG_ENABLE_MODULES = YES;
				CODE_SIGN_IDENTITY = "";
				CODE_SIGN_STYLE = Automatic;
				LD_RUNPATH_SEARCH_PATHS = (
					"$(inherited)",
					"@executable_path/Frameworks",
					"@loader_path/Frameworks",
				);
				PRODUCT_BUNDLE_IDENTIFIER = "com.virgilsecurity.VirgilSDKKeyknox-iOS-Tests";
				PRODUCT_NAME = "$(TARGET_NAME)";
				SWIFT_VERSION = 3.0;
				TARGETED_DEVICE_FAMILY = "1,2";
			};
			name = Release;
		};
/* End XCBuildConfiguration section */

/* Begin XCConfigurationList section */
		42B5DFEF20C005300067F13E /* Build configuration list for PBXProject "VirgilSDKKeyknox" */ = {
			isa = XCConfigurationList;
			buildConfigurations = (
				42B5DFFB20C005300067F13E /* Debug */,
				42B5DFFC20C005300067F13E /* Release */,
			);
			defaultConfigurationIsVisible = 0;
			defaultConfigurationName = Release;
		};
		42B5DFFD20C005300067F13E /* Build configuration list for PBXNativeTarget "VirgilSDKKeyknox iOS" */ = {
			isa = XCConfigurationList;
			buildConfigurations = (
				42B5DFFE20C005300067F13E /* Debug */,
				42B5DFFF20C005300067F13E /* Release */,
			);
			defaultConfigurationIsVisible = 0;
			defaultConfigurationName = Release;
		};
		42B5E01320C00DB80067F13E /* Build configuration list for PBXNativeTarget "VirgilSDKKeyknox iOS Tests" */ = {
			isa = XCConfigurationList;
			buildConfigurations = (
				42B5E01420C00DB80067F13E /* Debug */,
				42B5E01520C00DB80067F13E /* Release */,
			);
			defaultConfigurationIsVisible = 0;
			defaultConfigurationName = Release;
		};
/* End XCConfigurationList section */
	};
	rootObject = 42B5DFEC20C005300067F13E /* Project object */;
}
